# This file is automatically generated.
# It is not intended for manual editing.
version = 1

[[packages]]
name = "warpdrive:aggregator"
registry = "warg.wa.dev"

[[packages.versions]]
requirement = "=2.12.0"
version = "2.12.0"
digest = "sha256:f84ba9ae40d38d207aa6cb70e68a60501a9734b9866e30fa8b823a570d887d87"

[[packages]]
name = "warpdrive:vectr"
registry = "warg.wa.dev"

[[packages.versions]]
requirement = "=2.12.0"
version = "2.12.0"
digest = "sha256:af5dd94b10dbed46398e4490ed39157a8919b67e890ca8a2076ca4d2ee05cbe8"
